
Microsoft Visual Studio Solution File, Format Version 12.00
# Visual Studio Version 16
VisualStudioVersion = 25.0.1703.7
MinimumVisualStudioVersion = 10.0.40219.1
Project("{FAE04EC0-301F-11D3-BF4B-00C04F79EFBC}") = "FlareGridApp", "FlareGridApp\FlareGridApp.csproj", "{19613803-3A45-4479-99DD-19049E797358}"
EndProject
Project("{FAE04EC0-301F-11D3-BF4B-00C04F79EFBC}") = "FlareGridTests", "FlareGridTests\FlareGridTests.csproj", "{0F56CBAF-DAF2-4AE5-894A-B716D35256F0}"
EndProject
Global
	GlobalSection(SolutionConfigurationPlatforms) = preSolution
		Debug|Any CPU = Debug|Any CPU
		Release|Any CPU = Release|Any CPU
	EndGlobalSection
	GlobalSection(ProjectConfigurationPlatforms) = postSolution
		{19613803-3A45-4479-99DD-19049E797358}.Debug|Any CPU.ActiveCfg = Debug|Any CPU
		{19613803-3A45-4479-99DD-19049E797358}.Debug|Any CPU.Build.0 = Debug|Any CPU
		{19613803-3A45-4479-99DD-19049E797358}.Release|Any CPU.ActiveCfg = Release|Any CPU
		{19613803-3A45-4479-99DD-19049E797358}.Release|Any CPU.Build.0 = Release|Any CPU
		{0F56CBAF-DAF2-4AE5-894A-B716D35256F0}.Debug|Any CPU.ActiveCfg = Debug|Any CPU
		{0F56CBAF-DAF2-4AE5-894A-B716D35256F0}.Debug|Any CPU.Build.0 = Debug|Any CPU
		{0F56CBAF-DAF2-4AE5-894A-B716D35256F0}.Release|Any CPU.ActiveCfg = Release|Any CPU
		{0F56CBAF-DAF2-4AE5-894A-B716D35256F0}.Release|Any CPU.Build.0 = Release|Any CPU
	EndGlobalSection
	GlobalSection(SolutionProperties) = preSolution
		HideSolutionNode = FALSE
	EndGlobalSection
	GlobalSection(ExtensibilityGlobals) = postSolution
		SolutionGuid = {30CBBBAB-54AE-44BE-BDB4-A95B17261F13}
	EndGlobalSection
EndGlobal
